PODS:
  - SVProgressHUD (2.2.5)

DEPENDENCIES:
  - SVProgressHUD (~> 2.2.5)

SPEC REPOS:
  https://github.com/CocoaPods/Specs.git:
    - SVProgressHUD

SPEC CHECKSUMS:
  SVProgressHUD: 1428aafac632c1f86f62aa4243ec12008d7a51d6

PODFILE CHECKSUM: fca11286e9a6d13b09425c144b61eb835bab0fde

COCOAPODS: 1.9.1
